
Microsoft Visual Studio Solution File, Format Version 12.00
# Visual Studio Version 17
VisualStudioVersion = 17.1.32228.430
MinimumVisualStudioVersion = 10.0.40219.1
Project("{FAE04EC0-301F-11D3-BF4B-00C04F79EFBC}") = "AS2122_4E_INF_FabbriMarco_GestioneArticoli", "AS2122_4E_INF_FabbriMarco_GestioneArticoli\AS2122_4E_INF_FabbriMarco_GestioneArticoli.csproj", "{CD376012-F36F-4F3E-98CC-293C6FAC260B}"
EndProject
Global
	GlobalSection(SolutionConfigurationPlatforms) = preSolution
		Debug|Any CPU = Debug|Any CPU
		Release|Any CPU = Release|Any CPU
	EndGlobalSection
	GlobalSection(ProjectConfigurationPlatforms) = postSolution
		{CD376012-F36F-4F3E-98CC-293C6FAC260B}.Debug|Any CPU.ActiveCfg = Debug|Any CPU
		{CD376012-F36F-4F3E-98CC-293C6FAC260B}.Debug|Any CPU.Build.0 = Debug|Any CPU
		{CD376012-F36F-4F3E-98CC-293C6FAC260B}.Release|Any CPU.ActiveCfg = Release|Any CPU
		{CD376012-F36F-4F3E-98CC-293C6FAC260B}.Release|Any CPU.Build.0 = Release|Any CPU
	EndGlobalSection
	GlobalSection(SolutionProperties) = preSolution
		HideSolutionNode = FALSE
	EndGlobalSection
	GlobalSection(ExtensibilityGlobals) = postSolution
		SolutionGuid = {8ED5A3E3-DE67-4AFC-9294-66EA66978C31}
	EndGlobalSection
EndGlobal
